
Microsoft Visual Studio Solution File, Format Version 12.00
# Visual Studio Version 16
VisualStudioVersion = 16.0.30621.155
MinimumVisualStudioVersion = 10.0.40219.1
Project("{FAE04EC0-301F-11D3-BF4B-00C04F79EFBC}") = "3.TestatZahnradCatiaAnbindung", "3.TestatZahnradCatiaAnbindung\3.TestatZahnradCatiaAnbindung.csproj", "{3092AEB7-D8BC-49AA-97FD-7C08A39B33D5}"
EndProject
Global
	GlobalSection(SolutionConfigurationPlatforms) = preSolution
		Debug|Any CPU = Debug|Any CPU
		Release|Any CPU = Release|Any CPU
	EndGlobalSection
	GlobalSection(ProjectConfigurationPlatforms) = postSolution
		{3092AEB7-D8BC-49AA-97FD-7C08A39B33D5}.Debug|Any CPU.ActiveCfg = Debug|Any CPU
		{3092AEB7-D8BC-49AA-97FD-7C08A39B33D5}.Debug|Any CPU.Build.0 = Debug|Any CPU
		{3092AEB7-D8BC-49AA-97FD-7C08A39B33D5}.Release|Any CPU.ActiveCfg = Release|Any CPU
		{3092AEB7-D8BC-49AA-97FD-7C08A39B33D5}.Release|Any CPU.Build.0 = Release|Any CPU
	EndGlobalSection
	GlobalSection(SolutionProperties) = preSolution
		HideSolutionNode = FALSE
	EndGlobalSection
	GlobalSection(ExtensibilityGlobals) = postSolution
		SolutionGuid = {2534E119-8CFF-44B6-88F9-3845074F037C}
	EndGlobalSection
EndGlobal
